
Microsoft Visual Studio Solution File, Format Version 12.00
# Visual Studio 2013
VisualStudioVersion = 12.0.30723.0
MinimumVisualStudioVersion = 10.0.40219.1
Project("{FAE04EC0-301F-11D3-BF4B-00C04F79EFBC}") = "ThemeMVC", "ThemeMVC\ThemeMVC.csproj", "{EFFE9CCB-1E91-4230-BAD4-E18DBD034C08}"
EndProject
Global
	GlobalSection(SolutionConfigurationPlatforms) = preSolution
		Debug|Any CPU = Debug|Any CPU
		Release|Any CPU = Release|Any CPU
	EndGlobalSection
	GlobalSection(ProjectConfigurationPlatforms) = postSolution
		{EFFE9CCB-1E91-4230-BAD4-E18DBD034C08}.Debug|Any CPU.ActiveCfg = Debug|Any CPU
		{EFFE9CCB-1E91-4230-BAD4-E18DBD034C08}.Debug|Any CPU.Build.0 = Debug|Any CPU
		{EFFE9CCB-1E91-4230-BAD4-E18DBD034C08}.Release|Any CPU.ActiveCfg = Release|Any CPU
		{EFFE9CCB-1E91-4230-BAD4-E18DBD034C08}.Release|Any CPU.Build.0 = Release|Any CPU
	EndGlobalSection
	GlobalSection(SolutionProperties) = preSolution
		HideSolutionNode = FALSE
	EndGlobalSection
EndGlobal
